// !$*UTF8*$!
{
	archiveVersion = 1;
	classes = {
	};
	objectVersion = 50;
	objects = {

/* Begin PBXBuildFile section */
		4FC8171D22C79AA5005AA3FA /* AppDelegate.swift in Sources */ = {isa = PBXBuildFile; fileRef = 4FC8171C22C79AA5005AA3FA /* AppDelegate.swift */; };
		4FC8172222C79AA5005AA3FA /* Main.storyboard in Resources */ = {isa = PBXBuildFile; fileRef = 4FC8172022C79AA5005AA3FA /* Main.storyboard */; };
		4FC8172722C79AA6005AA3FA /* LaunchScreen.storyboard in Resources */ = {isa = PBXBuildFile; fileRef = 4FC8172522C79AA6005AA3FA /* LaunchScreen.storyboard */; };
		4FC8173222C79B9E005AA3FA /* LoginVC.swift in Sources */ = {isa = PBXBuildFile; fileRef = 4FC8173122C79B9E005AA3FA /* LoginVC.swift */; };
		4FC8173522C79EC0005AA3FA /* Extensions.swift in Sources */ = {isa = PBXBuildFile; fileRef = 4FC8173422C79EC0005AA3FA /* Extensions.swift */; };
		4FC8173922C8B943005AA3FA /* Assets.xcassets in Resources */ = {isa = PBXBuildFile; fileRef = 4FC8173822C8B943005AA3FA /* Assets.xcassets */; };
		4FC8173F22C8C273005AA3FA /* Billabong.ttf in Resources */ = {isa = PBXBuildFile; fileRef = 4FC8173E22C8C273005AA3FA /* Billabong.ttf */; };
		4FC8174122C8DCB6005AA3FA /* PaddingLabel.swift in Sources */ = {isa = PBXBuildFile; fileRef = 4FC8174022C8DCB6005AA3FA /* PaddingLabel.swift */; };
		4FC8174322C8E128005AA3FA /* Constants.swift in Sources */ = {isa = PBXBuildFile; fileRef = 4FC8174222C8E128005AA3FA /* Constants.swift */; };
/* End PBXBuildFile section */

/* Begin PBXFileReference section */
		4FC8171922C79AA5005AA3FA /* InstagramClone.app */ = {isa = PBXFileReference; explicitFileType = wrapper.application; includeInIndex = 0; path = InstagramClone.app; sourceTree = BUILT_PRODUCTS_DIR; };
		4FC8171C22C79AA5005AA3FA /* AppDelegate.swift */ = {isa = PBXFileReference; lastKnownFileType = sourcecode.swift; path = AppDelegate.swift; sourceTree = "<group>"; };
		4FC8172122C79AA5005AA3FA /* Base */ = {isa = PBXFileReference; lastKnownFileType = file.storyboard; name = Base; path = Base.lproj/Main.storyboard; sourceTree = "<group>"; };
		4FC8172622C79AA6005AA3FA /* Base */ = {isa = PBXFileReference; lastKnownFileType = file.storyboard; name = Base; path = Base.lproj/LaunchScreen.storyboard; sourceTree = "<group>"; };
		4FC8172822C79AA6005AA3FA /* Info.plist */ = {isa = PBXFileReference; lastKnownFileType = text.plist.xml; path = Info.plist; sourceTree = "<group>"; };
		4FC8173122C79B9E005AA3FA /* LoginVC.swift */ = {isa = PBXFileReference; lastKnownFileType = sourcecode.swift; path = LoginVC.swift; sourceTree = "<group>"; };
		4FC8173422C79EC0005AA3FA /* Extensions.swift */ = {isa = PBXFileReference; lastKnownFileType = sourcecode.swift; path = Extensions.swift; sourceTree = "<group>"; };
		4FC8173822C8B943005AA3FA /* Assets.xcassets */ = {isa = PBXFileReference; lastKnownFileType = folder.assetcatalog; name = Assets.xcassets; path = ../../Assets.xcassets; sourceTree = "<group>"; };
		4FC8173E22C8C273005AA3FA /* Billabong.ttf */ = {isa = PBXFileReference; lastKnownFileType = file; name = Billabong.ttf; path = ../../../../../../Downloads/Billabong.ttf; sourceTree = "<group>"; };
		4FC8174022C8DCB6005AA3FA /* PaddingLabel.swift */ = {isa = PBXFileReference; lastKnownFileType = sourcecode.swift; path = PaddingLabel.swift; sourceTree = "<group>"; };
		4FC8174222C8E128005AA3FA /* Constants.swift */ = {isa = PBXFileReference; lastKnownFileType = sourcecode.swift; path = Constants.swift; sourceTree = "<group>"; };
/* End PBXFileReference section */

/* Begin PBXFrameworksBuildPhase section */
		4FC8171622C79AA5005AA3FA /* Frameworks */ = {
			isa = PBXFrameworksBuildPhase;
			buildActionMask = 2147483647;
			files = (
			);
			runOnlyForDeploymentPostprocessing = 0;
		};
/* End PBXFrameworksBuildPhase section */

/* Begin PBXGroup section */
		4FC8171022C79AA5005AA3FA = {
			isa = PBXGroup;
			children = (
				4FC8171B22C79AA5005AA3FA /* InstagramClone */,
				4FC8171A22C79AA5005AA3FA /* Products */,
			);
			sourceTree = "<group>";
		};
		4FC8171A22C79AA5005AA3FA /* Products */ = {
			isa = PBXGroup;
			children = (
				4FC8171922C79AA5005AA3FA /* InstagramClone.app */,
			);
			name = Products;
			sourceTree = "<group>";
		};
		4FC8171B22C79AA5005AA3FA /* InstagramClone */ = {
			isa = PBXGroup;
			children = (
				4FC8173322C79EAA005AA3FA /* Utils */,
				4FC8173022C79B5C005AA3FA /* Model */,
				4FC8172F22C79B55005AA3FA /* View */,
				4FC8172E22C79B4E005AA3FA /* Controller */,
				4FC8173A22C8BAB8005AA3FA /* Fonts */,
				4FC8171C22C79AA5005AA3FA /* AppDelegate.swift */,
				4FC8172022C79AA5005AA3FA /* Main.storyboard */,
				4FC8173822C8B943005AA3FA /* Assets.xcassets */,
				4FC8172522C79AA6005AA3FA /* LaunchScreen.storyboard */,
				4FC8172822C79AA6005AA3FA /* Info.plist */,
			);
			path = InstagramClone;
			sourceTree = "<group>";
		};
		4FC8172E22C79B4E005AA3FA /* Controller */ = {
			isa = PBXGroup;
			children = (
				4FC8173122C79B9E005AA3FA /* LoginVC.swift */,
			);
			path = Controller;
			sourceTree = "<group>";
		};
		4FC8172F22C79B55005AA3FA /* View */ = {
			isa = PBXGroup;
			children = (
			);
			path = View;
			sourceTree = "<group>";
		};
		4FC8173022C79B5C005AA3FA /* Model */ = {
			isa = PBXGroup;
			children = (
			);
			path = Model;
			sourceTree = "<group>";
		};
		4FC8173322C79EAA005AA3FA /* Utils */ = {
			isa = PBXGroup;
			children = (
				4FC8173422C79EC0005AA3FA /* Extensions.swift */,
				4FC8174022C8DCB6005AA3FA /* PaddingLabel.swift */,
				4FC8174222C8E128005AA3FA /* Constants.swift */,
			);
			path = Utils;
			sourceTree = "<group>";
		};
		4FC8173A22C8BAB8005AA3FA /* Fonts */ = {
			isa = PBXGroup;
			children = (
				4FC8173E22C8C273005AA3FA /* Billabong.ttf */,
			);
			path = Fonts;
			sourceTree = "<group>";
		};
/* End PBXGroup section */

/* Begin PBXNativeTarget section */
		4FC8171822C79AA5005AA3FA /* InstagramClone */ = {
			isa = PBXNativeTarget;
			buildConfigurationList = 4FC8172B22C79AA6005AA3FA /* Build configuration list for PBXNativeTarget "InstagramClone" */;
			buildPhases = (
				4FC8171522C79AA5005AA3FA /* Sources */,
				4FC8171622C79AA5005AA3FA /* Frameworks */,
				4FC8171722C79AA5005AA3FA /* Resources */,
			);
			buildRules = (
			);
			dependencies = (
			);
			name = InstagramClone;
			productName = InstagramClone;
			productReference = 4FC8171922C79AA5005AA3FA /* InstagramClone.app */;
			productType = "com.apple.product-type.application";
		};
/* End PBXNativeTarget section */

/* Begin PBXProject section */
		4FC8171122C79AA5005AA3FA /* Project object */ = {
			isa = PBXProject;
			attributes = {
				LastSwiftUpdateCheck = 1020;
				LastUpgradeCheck = 1020;
				ORGANIZATIONNAME = anna.sibirtseva;
				TargetAttributes = {
					4FC8171822C79AA5005AA3FA = {
						CreatedOnToolsVersion = 10.2.1;
					};
				};
			};
			buildConfigurationList = 4FC8171422C79AA5005AA3FA /* Build configuration list for PBXProject "InstagramClone" */;
			compatibilityVersion = "Xcode 9.3";
			developmentRegion = en;
			hasScannedForEncodings = 0;
			knownRegions = (
				en,
				Base,
			);
			mainGroup = 4FC8171022C79AA5005AA3FA;
			productRefGroup = 4FC8171A22C79AA5005AA3FA /* Products */;
			projectDirPath = "";
			projectRoot = "";
			targets = (
				4FC8171822C79AA5005AA3FA /* InstagramClone */,
			);
		};
/* End PBXProject section */

/* Begin PBXResourcesBuildPhase section */
		4FC8171722C79AA5005AA3FA /* Resources */ = {
			isa = PBXResourcesBuildPhase;
			buildActionMask = 2147483647;
			files = (
				4FC8172722C79AA6005AA3FA /* LaunchScreen.storyboard in Resources */,
				4FC8173922C8B943005AA3FA /* Assets.xcassets in Resources */,
				4FC8172222C79AA5005AA3FA /* Main.storyboard in Resources */,
				4FC8173F22C8C273005AA3FA /* Billabong.ttf in Resources */,
			);
			runOnlyForDeploymentPostprocessing = 0;
		};
/* End PBXResourcesBuildPhase section */

/* Begin PBXSourcesBuildPhase section */
		4FC8171522C79AA5005AA3FA /* Sources */ = {
			isa = PBXSourcesBuildPhase;
			buildActionMask = 2147483647;
			files = (
				4FC8174322C8E128005AA3FA /* Constants.swift in Sources */,
				4FC8174122C8DCB6005AA3FA /* PaddingLabel.swift in Sources */,
				4FC8173222C79B9E005AA3FA /* LoginVC.swift in Sources */,
				4FC8173522C79EC0005AA3FA /* Extensions.swift in Sources */,
				4FC8171D22C79AA5005AA3FA /* AppDelegate.swift in Sources */,
			);
			runOnlyForDeploymentPostprocessing = 0;
		};
/* End PBXSourcesBuildPhase section */

/* Begin PBXVariantGroup section */
		4FC8172022C79AA5005AA3FA /* Main.storyboard */ = {
			isa = PBXVariantGroup;
			children = (
				4FC8172122C79AA5005AA3FA /* Base */,
			);
			name = Main.storyboard;
			sourceTree = "<group>";
		};
		4FC8172522C79AA6005AA3FA /* LaunchScreen.storyboard */ = {
			isa = PBXVariantGroup;
			children = (
				4FC8172622C79AA6005AA3FA /* Base */,
			);
			name = LaunchScreen.storyboard;
			sourceTree = "<group>";
		};
/* End PBXVariantGroup section */

/* Begin XCBuildConfiguration section */
		4FC8172922C79AA6005AA3FA /* Debug */ = {
			isa = XCBuildConfiguration;
			buildSettings = {
				ALWAYS_SEARCH_USER_PATHS = NO;
				CLANG_ANALYZER_NONNULL = YES;
				CLANG_ANALYZER_NUMBER_OBJECT_CONVERSION = YES_AGGRESSIVE;
				CLANG_CXX_LANGUAGE_STANDARD = "gnu++14";
				CLANG_CXX_LIBRARY = "libc++";
				CLANG_ENABLE_MODULES = YES;
				CLANG_ENABLE_OBJC_ARC = YES;
				CLANG_ENABLE_OBJC_WEAK = YES;
				CLANG_WARN_BLOCK_CAPTURE_AUTORELEASING = YES;
				CLANG_WARN_BOOL_CONVERSION = YES;
				CLANG_WARN_COMMA = YES;
				CLANG_WARN_CONSTANT_CONVERSION = YES;
				CLANG_WARN_DEPRECATED_OBJC_IMPLEMENTATIONS = YES;
				CLANG_WARN_DIRECT_OBJC_ISA_USAGE = YES_ERROR;
				CLANG_WARN_DOCUMENTATION_COMMENTS = YES;
				CLANG_WARN_EMPTY_BODY = YES;
				CLANG_WARN_ENUM_CONVERSION = YES;
				CLANG_WARN_INFINITE_RECURSION = YES;
				CLANG_WARN_INT_CONVERSION = YES;
				CLANG_WARN_NON_LITERAL_NULL_CONVERSION = YES;
				CLANG_WARN_OBJC_IMPLICIT_RETAIN_SELF = YES;
				CLANG_WARN_OBJC_LITERAL_CONVERSION = YES;
				CLANG_WARN_OBJC_ROOT_CLASS = YES_ERROR;
				CLANG_WARN_RANGE_LOOP_ANALYSIS = YES;
				CLANG_WARN_STRICT_PROTOTYPES = YES;
				CLANG_WARN_SUSPICIOUS_MOVE = YES;
				CLANG_WARN_UNGUARDED_AVAILABILITY = YES_AGGRESSIVE;
				CLANG_WARN_UNREACHABLE_CODE = YES;
				CLANG_WARN__DUPLICATE_METHOD_MATCH = YES;
				CODE_SIGN_IDENTITY = "iPhone Developer";
				COPY_PHASE_STRIP = NO;
				DEBUG_INFORMATION_FORMAT = dwarf;
				ENABLE_STRICT_OBJC_MSGSEND = YES;
				ENABLE_TESTABILITY = YES;
				GCC_C_LANGUAGE_STANDARD = gnu11;
				GCC_DYNAMIC_NO_PIC = NO;
				GCC_NO_COMMON_BLOCKS = YES;
				GCC_OPTIMIZATION_LEVEL = 0;
				GCC_PREPROCESSOR_DEFINITIONS = (
					"DEBUG=1",
					"$(inherited)",
				);
				GCC_WARN_64_TO_32_BIT_CONVERSION = YES;
				GCC_WARN_ABOUT_RETURN_TYPE = YES_ERROR;
				GCC_WARN_UNDECLARED_SELECTOR = YES;
				GCC_WARN_UNINITIALIZED_AUTOS = YES_AGGRESSIVE;
				GCC_WARN_UNUSED_FUNCTION = YES;
				GCC_WARN_UNUSED_VARIABLE = YES;
				IPHONEOS_DEPLOYMENT_TARGET = 12.2;
				MTL_ENABLE_DEBUG_INFO = INCLUDE_SOURCE;
				MTL_FAST_MATH = YES;
				ONLY_ACTIVE_ARCH = YES;
				SDKROOT = iphoneos;
				SWIFT_ACTIVE_COMPILATION_CONDITIONS = DEBUG;
				SWIFT_OPTIMIZATION_LEVEL = "-Onone";
			};
			name = Debug;
		};
		4FC8172A22C79AA6005AA3FA /* Release */ = {
			isa = XCBuildConfiguration;
			buildSettings = {
				ALWAYS_SEARCH_USER_PATHS = NO;
				CLANG_ANALYZER_NONNULL = YES;
				CLANG_ANALYZER_NUMBER_OBJECT_CONVERSION = YES_AGGRESSIVE;
				CLANG_CXX_LANGUAGE_STANDARD = "gnu++14";
				CLANG_CXX_LIBRARY = "libc++";
				CLANG_ENABLE_MODULES = YES;
				CLANG_ENABLE_OBJC_ARC = YES;
				CLANG_ENABLE_OBJC_WEAK = YES;
				CLANG_WARN_BLOCK_CAPTURE_AUTORELEASING = YES;
				CLANG_WARN_BOOL_CONVERSION = YES;
				CLANG_WARN_COMMA = YES;
				CLANG_WARN_CONSTANT_CONVERSION = YES;
				CLANG_WARN_DEPRECATED_OBJC_IMPLEMENTATIONS = YES;
				CLANG_WARN_DIRECT_OBJC_ISA_USAGE = YES_ERROR;
				CLANG_WARN_DOCUMENTATION_COMMENTS = YES;
				CLANG_WARN_EMPTY_BODY = YES;
				CLANG_WARN_ENUM_CONVERSION = YES;
				CLANG_WARN_INFINITE_RECURSION = YES;
				CLANG_WARN_INT_CONVERSION = YES;
				CLANG_WARN_NON_LITERAL_NULL_CONVERSION = YES;
				CLANG_WARN_OBJC_IMPLICIT_RETAIN_SELF = YES;
				CLANG_WARN_OBJC_LITERAL_CONVERSION = YES;
				CLANG_WARN_OBJC_ROOT_CLASS = YES_ERROR;
				CLANG_WARN_RANGE_LOOP_ANALYSIS = YES;
				CLANG_WARN_STRICT_PROTOTYPES = YES;
				CLANG_WARN_SUSPICIOUS_MOVE = YES;
				CLANG_WARN_UNGUARDED_AVAILABILITY = YES_AGGRESSIVE;
				CLANG_WARN_UNREACHABLE_CODE = YES;
				CLANG_WARN__DUPLICATE_METHOD_MATCH = YES;
				CODE_SIGN_IDENTITY = "iPhone Developer";
				COPY_PHASE_STRIP = NO;
				DEBUG_INFORMATION_FORMAT = "dwarf-with-dsym";
				ENABLE_NS_ASSERTIONS = NO;
				ENABLE_STRICT_OBJC_MSGSEND = YES;
				GCC_C_LANGUAGE_STANDARD = gnu11;
				GCC_NO_COMMON_BLOCKS = YES;
				GCC_WARN_64_TO_32_BIT_CONVERSION = YES;
				GCC_WARN_ABOUT_RETURN_TYPE = YES_ERROR;
				GCC_WARN_UNDECLARED_SELECTOR = YES;
				GCC_WARN_UNINITIALIZED_AUTOS = YES_AGGRESSIVE;
				GCC_WARN_UNUSED_FUNCTION = YES;
				GCC_WARN_UNUSED_VARIABLE = YES;
				IPHONEOS_DEPLOYMENT_TARGET = 12.2;
				MTL_ENABLE_DEBUG_INFO = NO;
				MTL_FAST_MATH = YES;
				SDKROOT = iphoneos;
				SWIFT_COMPILATION_MODE = wholemodule;
				SWIFT_OPTIMIZATION_LEVEL = "-O";
				VALIDATE_PRODUCT = YES;
			};
			name = Release;
		};
		4FC8172C22C79AA6005AA3FA /* Debug */ = {
			isa = XCBuildConfiguration;
			buildSettings = {
				ASSETCATALOG_COMPILER_APPICON_NAME = AppIcon;
				CODE_SIGN_STYLE = Automatic;
				INFOPLIST_FILE = InstagramClone/Info.plist;
				LD_RUNPATH_SEARCH_PATHS = (
					"$(inherited)",
					"@executable_path/Frameworks",
				);
				PRODUCT_BUNDLE_IDENTIFIER = accenture.InstagramClone;
				PRODUCT_NAME = "$(TARGET_NAME)";
				SWIFT_VERSION = 5.0;
				TARGETED_DEVICE_FAMILY = "1,2";
			};
			name = Debug;
		};
		4FC8172D22C79AA6005AA3FA /* Release */ = {
			isa = XCBuildConfiguration;
			buildSettings = {
				ASSETCATALOG_COMPILER_APPICON_NAME = AppIcon;
				CODE_SIGN_STYLE = Automatic;
				INFOPLIST_FILE = InstagramClone/Info.plist;
				LD_RUNPATH_SEARCH_PATHS = (
					"$(inherited)",
					"@executable_path/Frameworks",
				);
				PRODUCT_BUNDLE_IDENTIFIER = accenture.InstagramClone;
				PRODUCT_NAME = "$(TARGET_NAME)";
				SWIFT_VERSION = 5.0;
				TARGETED_DEVICE_FAMILY = "1,2";
			};
			name = Release;
		};
/* End XCBuildConfiguration section */

/* Begin XCConfigurationList section */
		4FC8171422C79AA5005AA3FA /* Build configuration list for PBXProject "InstagramClone" */ = {
			isa = XCConfigurationList;
			buildConfigurations = (
				4FC8172922C79AA6005AA3FA /* Debug */,
				4FC8172A22C79AA6005AA3FA /* Release */,
			);
			defaultConfigurationIsVisible = 0;
			defaultConfigurationName = Release;
		};
		4FC8172B22C79AA6005AA3FA /* Build configuration list for PBXNativeTarget "InstagramClone" */ = {
			isa = XCConfigurationList;
			buildConfigurations = (
				4FC8172C22C79AA6005AA3FA /* Debug */,
				4FC8172D22C79AA6005AA3FA /* Release */,
			);
			defaultConfigurationIsVisible = 0;
			defaultConfigurationName = Release;
		};
/* End XCConfigurationList section */
	};
	rootObject = 4FC8171122C79AA5005AA3FA /* Project object */;
}
